// !$*UTF8*$!
{
	archiveVersion = 1;
	classes = {
	};
	objectVersion = 55;
	objects = {

/* Begin PBXBuildFile section */
		0F4A7C4A280A7457002552D2 /* SignupViewController.swift in Sources */ = {isa = PBXBuildFile; fileRef = 0F4A7C49280A7457002552D2 /* SignupViewController.swift */; };
		0F5A50CA280BC52D00F2287A /* CoreDataService.swift in Sources */ = {isa = PBXBuildFile; fileRef = 0F5A50C9280BC52D00F2287A /* CoreDataService.swift */; };
		0F5A50CC280BC55F00F2287A /* KeysService.swift in Sources */ = {isa = PBXBuildFile; fileRef = 0F5A50CB280BC55F00F2287A /* KeysService.swift */; };
		0F5A50CF280BC5E100F2287A /* KeyWallet+CoreDataClass.swift in Sources */ = {isa = PBXBuildFile; fileRef = 0F5A50CD280BC5E000F2287A /* KeyWallet+CoreDataClass.swift */; };
		0F5A50D0280BC5E100F2287A /* KeyWallet+CoreDataProperties.swift in Sources */ = {isa = PBXBuildFile; fileRef = 0F5A50CE280BC5E000F2287A /* KeyWallet+CoreDataProperties.swift */; };
		0F68DC09280759970023E952 /* DepositViewController.swift in Sources */ = {isa = PBXBuildFile; fileRef = 0F68DC08280759970023E952 /* DepositViewController.swift */; };
		0F68DC0B280759A30023E952 /* WithdrawViewController.swift in Sources */ = {isa = PBXBuildFile; fileRef = 0F68DC0A280759A30023E952 /* WithdrawViewController.swift */; };
		0F68DC0D280759B40023E952 /* TransferViewController.swift in Sources */ = {isa = PBXBuildFile; fileRef = 0F68DC0C280759B30023E952 /* TransferViewController.swift */; };
		0F723ECD28073D5700CB02B8 /* TokenPriceViewController.swift in Sources */ = {isa = PBXBuildFile; fileRef = 0F723ECC28073D5700CB02B8 /* TokenPriceViewController.swift */; };
		0F723ECF280741AF00CB02B8 /* TransactionFeeViewController.swift in Sources */ = {isa = PBXBuildFile; fileRef = 0F723ECE280741AF00CB02B8 /* TransactionFeeViewController.swift */; };
		0FA89BC728065272000F5681 /* NetworkSelectionTableViewController.swift in Sources */ = {isa = PBXBuildFile; fileRef = 0FA89BC628065272000F5681 /* NetworkSelectionTableViewController.swift */; };
		0FA89BCB28066D76000F5681 /* MethodSelectionViewController.swift in Sources */ = {isa = PBXBuildFile; fileRef = 0FA89BCA28066D76000F5681 /* MethodSelectionViewController.swift */; };
		0FA89BCD2806851C000F5681 /* ContractAddressViewController.swift in Sources */ = {isa = PBXBuildFile; fileRef = 0FA89BCC2806851C000F5681 /* ContractAddressViewController.swift */; };
		0FA89BD128069B5D000F5681 /* UIView+Extensions.swift in Sources */ = {isa = PBXBuildFile; fileRef = 0FA89BD028069B5D000F5681 /* UIView+Extensions.swift */; };
		0FA89BD328069B73000F5681 /* UIAlertController+Extensions.swift in Sources */ = {isa = PBXBuildFile; fileRef = 0FA89BD228069B73000F5681 /* UIAlertController+Extensions.swift */; };
		0FA89BD528069BB2000F5681 /* BalanceAddressCell.swift in Sources */ = {isa = PBXBuildFile; fileRef = 0FA89BD428069BB2000F5681 /* BalanceAddressCell.swift */; };
		0FC75C822803842E002A5945 /* AppDelegate.swift in Sources */ = {isa = PBXBuildFile; fileRef = 0FC75C812803842E002A5945 /* AppDelegate.swift */; };
		0FC75C842803842E002A5945 /* SceneDelegate.swift in Sources */ = {isa = PBXBuildFile; fileRef = 0FC75C832803842E002A5945 /* SceneDelegate.swift */; };
		0FC75C862803842E002A5945 /* AccountStateViewController.swift in Sources */ = {isa = PBXBuildFile; fileRef = 0FC75C852803842E002A5945 /* AccountStateViewController.swift */; };
		0FC75C892803842E002A5945 /* Main.storyboard in Resources */ = {isa = PBXBuildFile; fileRef = 0FC75C872803842E002A5945 /* Main.storyboard */; };
		0FC75C8C2803842E002A5945 /* zksync_example.xcdatamodeld in Sources */ = {isa = PBXBuildFile; fileRef = 0FC75C8A2803842E002A5945 /* zksync_example.xcdatamodeld */; };
		0FC75C8E28038431002A5945 /* Assets.xcassets in Resources */ = {isa = PBXBuildFile; fileRef = 0FC75C8D28038431002A5945 /* Assets.xcassets */; };
		0FC75C9128038431002A5945 /* LaunchScreen.storyboard in Resources */ = {isa = PBXBuildFile; fileRef = 0FC75C8F28038431002A5945 /* LaunchScreen.storyboard */; };
		0FC75C9C28038432002A5945 /* zksync_exampleTests.swift in Sources */ = {isa = PBXBuildFile; fileRef = 0FC75C9B28038432002A5945 /* zksync_exampleTests.swift */; };
		0FC75CA628038432002A5945 /* zksync_exampleUITests.swift in Sources */ = {isa = PBXBuildFile; fileRef = 0FC75CA528038432002A5945 /* zksync_exampleUITests.swift */; };
		0FC75CA828038432002A5945 /* zksync_exampleUITestsLaunchTests.swift in Sources */ = {isa = PBXBuildFile; fileRef = 0FC75CA728038432002A5945 /* zksync_exampleUITestsLaunchTests.swift */; };
		0FC75CB928038D47002A5945 /* AppProtocols.swift in Sources */ = {isa = PBXBuildFile; fileRef = 0FC75CB828038D47002A5945 /* AppProtocols.swift */; };
		0FC75CBE28039048002A5945 /* StateHeaderTableViewCell.swift in Sources */ = {isa = PBXBuildFile; fileRef = 0FC75CBD28039048002A5945 /* StateHeaderTableViewCell.swift */; };
		0FC75CC02803912A002A5945 /* DepositingBalanceTableViewCell.swift in Sources */ = {isa = PBXBuildFile; fileRef = 0FC75CBF2803912A002A5945 /* DepositingBalanceTableViewCell.swift */; };
		9B2DC2A799DE93FC6EFB07DE /* Pods_zksync_example.framework in Frameworks */ = {isa = PBXBuildFile; fileRef = AD6AAAC8FC19EFCCEF530904 /* Pods_zksync_example.framework */; };
/* End PBXBuildFile section */

/* Begin PBXContainerItemProxy section */
		0FC75C9828038432002A5945 /* PBXContainerItemProxy */ = {
			isa = PBXContainerItemProxy;
			containerPortal = 0FC75C762803842E002A5945 /* Project object */;
			proxyType = 1;
			remoteGlobalIDString = 0FC75C7D2803842E002A5945;
			remoteInfo = "zksync-example";
		};
		0FC75CA228038432002A5945 /* PBXContainerItemProxy */ = {
			isa = PBXContainerItemProxy;
			containerPortal = 0FC75C762803842E002A5945 /* Project object */;
			proxyType = 1;
			remoteGlobalIDString = 0FC75C7D2803842E002A5945;
			remoteInfo = "zksync-example";
		};
/* End PBXContainerItemProxy section */

/* Begin PBXFileReference section */
		0F4A7C49280A7457002552D2 /* SignupViewController.swift */ = {isa = PBXFileReference; lastKnownFileType = sourcecode.swift; path = SignupViewController.swift; sourceTree = "<group>"; };
		0F5A50C9280BC52D00F2287A /* CoreDataService.swift */ = {isa = PBXFileReference; lastKnownFileType = sourcecode.swift; path = CoreDataService.swift; sourceTree = "<group>"; };
		0F5A50CB280BC55F00F2287A /* KeysService.swift */ = {isa = PBXFileReference; lastKnownFileType = sourcecode.swift; path = KeysService.swift; sourceTree = "<group>"; };
		0F5A50CD280BC5E000F2287A /* KeyWallet+CoreDataClass.swift */ = {isa = PBXFileReference; lastKnownFileType = sourcecode.swift; path = "KeyWallet+CoreDataClass.swift"; sourceTree = "<group>"; };
		0F5A50CE280BC5E000F2287A /* KeyWallet+CoreDataProperties.swift */ = {isa = PBXFileReference; lastKnownFileType = sourcecode.swift; path = "KeyWallet+CoreDataProperties.swift"; sourceTree = "<group>"; };
		0F68DC08280759970023E952 /* DepositViewController.swift */ = {isa = PBXFileReference; lastKnownFileType = sourcecode.swift; path = DepositViewController.swift; sourceTree = "<group>"; };
		0F68DC0A280759A30023E952 /* WithdrawViewController.swift */ = {isa = PBXFileReference; lastKnownFileType = sourcecode.swift; path = WithdrawViewController.swift; sourceTree = "<group>"; };
		0F68DC0C280759B30023E952 /* TransferViewController.swift */ = {isa = PBXFileReference; lastKnownFileType = sourcecode.swift; path = TransferViewController.swift; sourceTree = "<group>"; };
		0F723ECC28073D5700CB02B8 /* TokenPriceViewController.swift */ = {isa = PBXFileReference; lastKnownFileType = sourcecode.swift; path = TokenPriceViewController.swift; sourceTree = "<group>"; };
		0F723ECE280741AF00CB02B8 /* TransactionFeeViewController.swift */ = {isa = PBXFileReference; lastKnownFileType = sourcecode.swift; path = TransactionFeeViewController.swift; sourceTree = "<group>"; };
		0FA89BC628065272000F5681 /* NetworkSelectionTableViewController.swift */ = {isa = PBXFileReference; lastKnownFileType = sourcecode.swift; path = NetworkSelectionTableViewController.swift; sourceTree = "<group>"; };
		0FA89BCA28066D76000F5681 /* MethodSelectionViewController.swift */ = {isa = PBXFileReference; lastKnownFileType = sourcecode.swift; path = MethodSelectionViewController.swift; sourceTree = "<group>"; };
		0FA89BCC2806851C000F5681 /* ContractAddressViewController.swift */ = {isa = PBXFileReference; lastKnownFileType = sourcecode.swift; path = ContractAddressViewController.swift; sourceTree = "<group>"; };
		0FA89BD028069B5D000F5681 /* UIView+Extensions.swift */ = {isa = PBXFileReference; lastKnownFileType = sourcecode.swift; path = "UIView+Extensions.swift"; sourceTree = "<group>"; };
		0FA89BD228069B73000F5681 /* UIAlertController+Extensions.swift */ = {isa = PBXFileReference; lastKnownFileType = sourcecode.swift; path = "UIAlertController+Extensions.swift"; sourceTree = "<group>"; };
		0FA89BD428069BB2000F5681 /* BalanceAddressCell.swift */ = {isa = PBXFileReference; lastKnownFileType = sourcecode.swift; path = BalanceAddressCell.swift; sourceTree = "<group>"; };
		0FC75C7E2803842E002A5945 /* zksync-example.app */ = {isa = PBXFileReference; explicitFileType = wrapper.application; includeInIndex = 0; path = "zksync-example.app"; sourceTree = BUILT_PRODUCTS_DIR; };
		0FC75C812803842E002A5945 /* AppDelegate.swift */ = {isa = PBXFileReference; lastKnownFileType = sourcecode.swift; path = AppDelegate.swift; sourceTree = "<group>"; };
		0FC75C832803842E002A5945 /* SceneDelegate.swift */ = {isa = PBXFileReference; lastKnownFileType = sourcecode.swift; path = SceneDelegate.swift; sourceTree = "<group>"; };
		0FC75C852803842E002A5945 /* AccountStateViewController.swift */ = {isa = PBXFileReference; lastKnownFileType = sourcecode.swift; path = AccountStateViewController.swift; sourceTree = "<group>"; };
		0FC75C882803842E002A5945 /* Base */ = {isa = PBXFileReference; lastKnownFileType = file.storyboard; name = Base; path = Base.lproj/Main.storyboard; sourceTree = "<group>"; };
		0FC75C8B2803842E002A5945 /* zksync_example.xcdatamodel */ = {isa = PBXFileReference; lastKnownFileType = wrapper.xcdatamodel; path = zksync_example.xcdatamodel; sourceTree = "<group>"; };
		0FC75C8D28038431002A5945 /* Assets.xcassets */ = {isa = PBXFileReference; lastKnownFileType = folder.assetcatalog; path = Assets.xcassets; sourceTree = "<group>"; };
		0FC75C9028038431002A5945 /* Base */ = {isa = PBXFileReference; lastKnownFileType = file.storyboard; name = Base; path = Base.lproj/LaunchScreen.storyboard; sourceTree = "<group>"; };
		0FC75C9228038432002A5945 /* Info.plist */ = {isa = PBXFileReference; lastKnownFileType = text.plist.xml; path = Info.plist; sourceTree = "<group>"; };
		0FC75C9728038432002A5945 /* zksync-exampleTests.xctest */ = {isa = PBXFileReference; explicitFileType = wrapper.cfbundle; includeInIndex = 0; path = "zksync-exampleTests.xctest"; sourceTree = BUILT_PRODUCTS_DIR; };
		0FC75C9B28038432002A5945 /* zksync_exampleTests.swift */ = {isa = PBXFileReference; lastKnownFileType = sourcecode.swift; path = zksync_exampleTests.swift; sourceTree = "<group>"; };
		0FC75CA128038432002A5945 /* zksync-exampleUITests.xctest */ = {isa = PBXFileReference; explicitFileType = wrapper.cfbundle; includeInIndex = 0; path = "zksync-exampleUITests.xctest"; sourceTree = BUILT_PRODUCTS_DIR; };
		0FC75CA528038432002A5945 /* zksync_exampleUITests.swift */ = {isa = PBXFileReference; lastKnownFileType = sourcecode.swift; path = zksync_exampleUITests.swift; sourceTree = "<group>"; };
		0FC75CA728038432002A5945 /* zksync_exampleUITestsLaunchTests.swift */ = {isa = PBXFileReference; lastKnownFileType = sourcecode.swift; path = zksync_exampleUITestsLaunchTests.swift; sourceTree = "<group>"; };
		0FC75CB828038D47002A5945 /* AppProtocols.swift */ = {isa = PBXFileReference; lastKnownFileType = sourcecode.swift; path = AppProtocols.swift; sourceTree = "<group>"; };
		0FC75CBD28039048002A5945 /* StateHeaderTableViewCell.swift */ = {isa = PBXFileReference; lastKnownFileType = sourcecode.swift; path = StateHeaderTableViewCell.swift; sourceTree = "<group>"; };
		0FC75CBF2803912A002A5945 /* DepositingBalanceTableViewCell.swift */ = {isa = PBXFileReference; lastKnownFileType = sourcecode.swift; path = DepositingBalanceTableViewCell.swift; sourceTree = "<group>"; };
		52643F563F0B16272ABCEDD0 /* Pods-zksync-example.debug.xcconfig */ = {isa = PBXFileReference; includeInIndex = 1; lastKnownFileType = text.xcconfig; name = "Pods-zksync-example.debug.xcconfig"; path = "Target Support Files/Pods-zksync-example/Pods-zksync-example.debug.xcconfig"; sourceTree = "<group>"; };
		9F9FBD258ED79C703853BF46 /* Pods-zksync-example.release.xcconfig */ = {isa = PBXFileReference; includeInIndex = 1; lastKnownFileType = text.xcconfig; name = "Pods-zksync-example.release.xcconfig"; path = "Target Support Files/Pods-zksync-example/Pods-zksync-example.release.xcconfig"; sourceTree = "<group>"; };
		AD6AAAC8FC19EFCCEF530904 /* Pods_zksync_example.framework */ = {isa = PBXFileReference; explicitFileType = wrapper.framework; includeInIndex = 0; path = Pods_zksync_example.framework; sourceTree = BUILT_PRODUCTS_DIR; };
/* End PBXFileReference section */

/* Begin PBXFrameworksBuildPhase section */
		0FC75C7B2803842E002A5945 /* Frameworks */ = {
			isa = PBXFrameworksBuildPhase;
			buildActionMask = 2147483647;
			files = (
				9B2DC2A799DE93FC6EFB07DE /* Pods_zksync_example.framework in Frameworks */,
			);
			runOnlyForDeploymentPostprocessing = 0;
		};
		0FC75C9428038432002A5945 /* Frameworks */ = {
			isa = PBXFrameworksBuildPhase;
			buildActionMask = 2147483647;
			files = (
			);
			runOnlyForDeploymentPostprocessing = 0;
		};
		0FC75C9E28038432002A5945 /* Frameworks */ = {
			isa = PBXFrameworksBuildPhase;
			buildActionMask = 2147483647;
			files = (
			);
			runOnlyForDeploymentPostprocessing = 0;
		};
/* End PBXFrameworksBuildPhase section */

/* Begin PBXGroup section */
		0F5A50C8280BC46300F2287A /* Servies */ = {
			isa = PBXGroup;
			children = (
				0F5A50C9280BC52D00F2287A /* CoreDataService.swift */,
				0F5A50CB280BC55F00F2287A /* KeysService.swift */,
			);
			path = Servies;
			sourceTree = "<group>";
		};
		0F5A50D1280BC5ED00F2287A /* CoreData */ = {
			isa = PBXGroup;
			children = (
				0F5A50CD280BC5E000F2287A /* KeyWallet+CoreDataClass.swift */,
				0F5A50CE280BC5E000F2287A /* KeyWallet+CoreDataProperties.swift */,
				0FC75C8A2803842E002A5945 /* zksync_example.xcdatamodeld */,
			);
			path = CoreData;
			sourceTree = "<group>";
		};
		0FC75C752803842E002A5945 = {
			isa = PBXGroup;
			children = (
				0FC75C802803842E002A5945 /* zksync-example */,
				0FC75C9A28038432002A5945 /* zksync-exampleTests */,
				0FC75CA428038432002A5945 /* zksync-exampleUITests */,
				0FC75C7F2803842E002A5945 /* Products */,
				FDE3FF07EED8D34429920C32 /* Pods */,
				D77FB1A95C273DBB467AECAF /* Frameworks */,
			);
			sourceTree = "<group>";
		};
		0FC75C7F2803842E002A5945 /* Products */ = {
			isa = PBXGroup;
			children = (
				0FC75C7E2803842E002A5945 /* zksync-example.app */,
				0FC75C9728038432002A5945 /* zksync-exampleTests.xctest */,
				0FC75CA128038432002A5945 /* zksync-exampleUITests.xctest */,
			);
			name = Products;
			sourceTree = "<group>";
		};
		0FC75C802803842E002A5945 /* zksync-example */ = {
			isa = PBXGroup;
			children = (
				0F5A50C8280BC46300F2287A /* Servies */,
				0FC75CBC2803901A002A5945 /* CustomCells */,
				0FC75CB728038C96002A5945 /* Extensions+Utilities */,
				0FC75CB628038A83002A5945 /* ViewControllers */,
				0FC75CB528038A69002A5945 /* Supporting Files */,
			);
			path = "zksync-example";
			sourceTree = "<group>";
		};
		0FC75C9A28038432002A5945 /* zksync-exampleTests */ = {
			isa = PBXGroup;
			children = (
				0FC75C9B28038432002A5945 /* zksync_exampleTests.swift */,
			);
			path = "zksync-exampleTests";
			sourceTree = "<group>";
		};
		0FC75CA428038432002A5945 /* zksync-exampleUITests */ = {
			isa = PBXGroup;
			children = (
				0FC75CA528038432002A5945 /* zksync_exampleUITests.swift */,
				0FC75CA728038432002A5945 /* zksync_exampleUITestsLaunchTests.swift */,
			);
			path = "zksync-exampleUITests";
			sourceTree = "<group>";
		};
		0FC75CB528038A69002A5945 /* Supporting Files */ = {
			isa = PBXGroup;
			children = (
				0FC75C812803842E002A5945 /* AppDelegate.swift */,
				0FC75C832803842E002A5945 /* SceneDelegate.swift */,
				0FC75C872803842E002A5945 /* Main.storyboard */,
				0FC75C8D28038431002A5945 /* Assets.xcassets */,
				0FC75C8F28038431002A5945 /* LaunchScreen.storyboard */,
				0FC75C9228038432002A5945 /* Info.plist */,
				0F5A50D1280BC5ED00F2287A /* CoreData */,
			);
			path = "Supporting Files";
			sourceTree = "<group>";
		};
		0FC75CB628038A83002A5945 /* ViewControllers */ = {
			isa = PBXGroup;
			children = (
				0FC75C852803842E002A5945 /* AccountStateViewController.swift */,
				0FA89BC628065272000F5681 /* NetworkSelectionTableViewController.swift */,
				0FA89BCA28066D76000F5681 /* MethodSelectionViewController.swift */,
				0FA89BCC2806851C000F5681 /* ContractAddressViewController.swift */,
				0F723ECC28073D5700CB02B8 /* TokenPriceViewController.swift */,
				0F723ECE280741AF00CB02B8 /* TransactionFeeViewController.swift */,
				0F68DC08280759970023E952 /* DepositViewController.swift */,
				0F68DC0A280759A30023E952 /* WithdrawViewController.swift */,
				0F68DC0C280759B30023E952 /* TransferViewController.swift */,
				0F4A7C49280A7457002552D2 /* SignupViewController.swift */,
			);
			path = ViewControllers;
			sourceTree = "<group>";
		};
		0FC75CB728038C96002A5945 /* Extensions+Utilities */ = {
			isa = PBXGroup;
			children = (
				0FC75CB828038D47002A5945 /* AppProtocols.swift */,
				0FA89BD028069B5D000F5681 /* UIView+Extensions.swift */,
				0FA89BD228069B73000F5681 /* UIAlertController+Extensions.swift */,
			);
			path = "Extensions+Utilities";
			sourceTree = "<group>";
		};
		0FC75CBC2803901A002A5945 /* CustomCells */ = {
			isa = PBXGroup;
			children = (
				0FC75CBD28039048002A5945 /* StateHeaderTableViewCell.swift */,
				0FC75CBF2803912A002A5945 /* DepositingBalanceTableViewCell.swift */,
				0FA89BD428069BB2000F5681 /* BalanceAddressCell.swift */,
			);
			path = CustomCells;
			sourceTree = "<group>";
		};
		D77FB1A95C273DBB467AECAF /* Frameworks */ = {
			isa = PBXGroup;
			children = (
				AD6AAAC8FC19EFCCEF530904 /* Pods_zksync_example.framework */,
			);
			name = Frameworks;
			sourceTree = "<group>";
		};
		FDE3FF07EED8D34429920C32 /* Pods */ = {
			isa = PBXGroup;
			children = (
				52643F563F0B16272ABCEDD0 /* Pods-zksync-example.debug.xcconfig */,
				9F9FBD258ED79C703853BF46 /* Pods-zksync-example.release.xcconfig */,
			);
			path = Pods;
			sourceTree = "<group>";
		};
/* End PBXGroup section */

/* Begin PBXNativeTarget section */
		0FC75C7D2803842E002A5945 /* zksync-example */ = {
			isa = PBXNativeTarget;
			buildConfigurationList = 0FC75CAB28038432002A5945 /* Build configuration list for PBXNativeTarget "zksync-example" */;
			buildPhases = (
				40648BD2885F1C7D64E0DD81 /* [CP] Check Pods Manifest.lock */,
				0F25C61A2803A4240074F13F /* ShellScript */,
				0FC75C7A2803842E002A5945 /* Sources */,
				0FC75C7B2803842E002A5945 /* Frameworks */,
				0FC75C7C2803842E002A5945 /* Resources */,
				7355245BCF9381E74D9FA8AF /* [CP] Embed Pods Frameworks */,
			);
			buildRules = (
			);
			dependencies = (
			);
			name = "zksync-example";
			productName = "zksync-example";
			productReference = 0FC75C7E2803842E002A5945 /* zksync-example.app */;
			productType = "com.apple.product-type.application";
		};
		0FC75C9628038432002A5945 /* zksync-exampleTests */ = {
			isa = PBXNativeTarget;
			buildConfigurationList = 0FC75CAE28038432002A5945 /* Build configuration list for PBXNativeTarget "zksync-exampleTests" */;
			buildPhases = (
				0FC75C9328038432002A5945 /* Sources */,
				0FC75C9428038432002A5945 /* Frameworks */,
				0FC75C9528038432002A5945 /* Resources */,
			);
			buildRules = (
			);
			dependencies = (
				0FC75C9928038432002A5945 /* PBXTargetDependency */,
			);
			name = "zksync-exampleTests";
			productName = "zksync-exampleTests";
			productReference = 0FC75C9728038432002A5945 /* zksync-exampleTests.xctest */;
			productType = "com.apple.product-type.bundle.unit-test";
		};
		0FC75CA028038432002A5945 /* zksync-exampleUITests */ = {
			isa = PBXNativeTarget;
			buildConfigurationList = 0FC75CB128038432002A5945 /* Build configuration list for PBXNativeTarget "zksync-exampleUITests" */;
			buildPhases = (
				0FC75C9D28038432002A5945 /* Sources */,
				0FC75C9E28038432002A5945 /* Frameworks */,
				0FC75C9F28038432002A5945 /* Resources */,
			);
			buildRules = (
			);
			dependencies = (
				0FC75CA328038432002A5945 /* PBXTargetDependency */,
			);
			name = "zksync-exampleUITests";
			productName = "zksync-exampleUITests";
			productReference = 0FC75CA128038432002A5945 /* zksync-exampleUITests.xctest */;
			productType = "com.apple.product-type.bundle.ui-testing";
		};
/* End PBXNativeTarget section */

/* Begin PBXProject section */
		0FC75C762803842E002A5945 /* Project object */ = {
			isa = PBXProject;
			attributes = {
				BuildIndependentTargetsInParallel = 1;
				LastSwiftUpdateCheck = 1330;
				LastUpgradeCheck = 1330;
				TargetAttributes = {
					0FC75C7D2803842E002A5945 = {
						CreatedOnToolsVersion = 13.3;
					};
					0FC75C9628038432002A5945 = {
						CreatedOnToolsVersion = 13.3;
						TestTargetID = 0FC75C7D2803842E002A5945;
					};
					0FC75CA028038432002A5945 = {
						CreatedOnToolsVersion = 13.3;
						TestTargetID = 0FC75C7D2803842E002A5945;
					};
				};
			};
			buildConfigurationList = 0FC75C792803842E002A5945 /* Build configuration list for PBXProject "zksync-example" */;
			compatibilityVersion = "Xcode 13.0";
			developmentRegion = en;
			hasScannedForEncodings = 0;
			knownRegions = (
				en,
				Base,
			);
			mainGroup = 0FC75C752803842E002A5945;
			productRefGroup = 0FC75C7F2803842E002A5945 /* Products */;
			projectDirPath = "";
			projectRoot = "";
			targets = (
				0FC75C7D2803842E002A5945 /* zksync-example */,
				0FC75C9628038432002A5945 /* zksync-exampleTests */,
				0FC75CA028038432002A5945 /* zksync-exampleUITests */,
			);
		};
/* End PBXProject section */

/* Begin PBXResourcesBuildPhase section */
		0FC75C7C2803842E002A5945 /* Resources */ = {
			isa = PBXResourcesBuildPhase;
			buildActionMask = 2147483647;
			files = (
				0FC75C9128038431002A5945 /* LaunchScreen.storyboard in Resources */,
				0FC75C8E28038431002A5945 /* Assets.xcassets in Resources */,
				0FC75C892803842E002A5945 /* Main.storyboard in Resources */,
			);
			runOnlyForDeploymentPostprocessing = 0;
		};
		0FC75C9528038432002A5945 /* Resources */ = {
			isa = PBXResourcesBuildPhase;
			buildActionMask = 2147483647;
			files = (
			);
			runOnlyForDeploymentPostprocessing = 0;
		};
		0FC75C9F28038432002A5945 /* Resources */ = {
			isa = PBXResourcesBuildPhase;
			buildActionMask = 2147483647;
			files = (
			);
			runOnlyForDeploymentPostprocessing = 0;
		};
/* End PBXResourcesBuildPhase section */

/* Begin PBXShellScriptBuildPhase section */
		0F25C61A2803A4240074F13F /* ShellScript */ = {
			isa = PBXShellScriptBuildPhase;
			buildActionMask = 2147483647;
			files = (
			);
			inputFileListPaths = (
			);
			inputPaths = (
			);
			outputFileListPaths = (
			);
			outputPaths = (
			);
			runOnlyForDeploymentPostprocessing = 0;
			shellPath = /bin/sh;
			shellScript = "if [ -d \"${SYMROOT}/Release${EFFECTIVE_PLATFORM_NAME}/\" ] && [ \"${SYMROOT}/Release${EFFECTIVE_PLATFORM_NAME}/\" != \"${SYMROOT}/${CONFIGURATION}${EFFECTIVE_PLATFORM_NAME}/\" ] \nthen\n  cp -f -R \"${SYMROOT}/Release${EFFECTIVE_PLATFORM_NAME}/\" \"${SYMROOT}/${CONFIGURATION}${EFFECTIVE_PLATFORM_NAME}/\"\nfi\n";
		};
		40648BD2885F1C7D64E0DD81 /* [CP] Check Pods Manifest.lock */ = {
			isa = PBXShellScriptBuildPhase;
			buildActionMask = 2147483647;
			files = (
			);
			inputFileListPaths = (
			);
			inputPaths = (
				"${PODS_PODFILE_DIR_PATH}/Podfile.lock",
				"${PODS_ROOT}/Manifest.lock",
			);
			name = "[CP] Check Pods Manifest.lock";
			outputFileListPaths = (
			);
			outputPaths = (
				"$(DERIVED_FILE_DIR)/Pods-zksync-example-checkManifestLockResult.txt",
			);
			runOnlyForDeploymentPostprocessing = 0;
			shellPath = /bin/sh;
			shellScript = "diff \"${PODS_PODFILE_DIR_PATH}/Podfile.lock\" \"${PODS_ROOT}/Manifest.lock\" > /dev/null\nif [ $? != 0 ] ; then\n    # print error to STDERR\n    echo \"error: The sandbox is not in sync with the Podfile.lock. Run 'pod install' or update your CocoaPods installation.\" >&2\n    exit 1\nfi\n# This output is used by Xcode 'outputs' to avoid re-running this script phase.\necho \"SUCCESS\" > \"${SCRIPT_OUTPUT_FILE_0}\"\n";
			showEnvVarsInLog = 0;
		};
		7355245BCF9381E74D9FA8AF /* [CP] Embed Pods Frameworks */ = {
			isa = PBXShellScriptBuildPhase;
			buildActionMask = 2147483647;
			files = (
			);
			inputFileListPaths = (
				"${PODS_ROOT}/Target Support Files/Pods-zksync-example/Pods-zksync-example-frameworks-${CONFIGURATION}-input-files.xcfilelist",
			);
			name = "[CP] Embed Pods Frameworks";
			outputFileListPaths = (
				"${PODS_ROOT}/Target Support Files/Pods-zksync-example/Pods-zksync-example-frameworks-${CONFIGURATION}-output-files.xcfilelist",
			);
			runOnlyForDeploymentPostprocessing = 0;
			shellPath = /bin/sh;
			shellScript = "\"${PODS_ROOT}/Target Support Files/Pods-zksync-example/Pods-zksync-example-frameworks.sh\"\n";
			showEnvVarsInLog = 0;
		};
/* End PBXShellScriptBuildPhase section */

/* Begin PBXSourcesBuildPhase section */
		0FC75C7A2803842E002A5945 /* Sources */ = {
			isa = PBXSourcesBuildPhase;
			buildActionMask = 2147483647;
			files = (
				0FC75CBE28039048002A5945 /* StateHeaderTableViewCell.swift in Sources */,
				0F68DC0D280759B40023E952 /* TransferViewController.swift in Sources */,
				0FC75C8C2803842E002A5945 /* zksync_example.xcdatamodeld in Sources */,
				0FA89BD528069BB2000F5681 /* BalanceAddressCell.swift in Sources */,
				0FA89BCD2806851C000F5681 /* ContractAddressViewController.swift in Sources */,
				0F723ECD28073D5700CB02B8 /* TokenPriceViewController.swift in Sources */,
				0F723ECF280741AF00CB02B8 /* TransactionFeeViewController.swift in Sources */,
				0FA89BCB28066D76000F5681 /* MethodSelectionViewController.swift in Sources */,
				0F4A7C4A280A7457002552D2 /* SignupViewController.swift in Sources */,
				0FC75CB928038D47002A5945 /* AppProtocols.swift in Sources */,
				0F5A50D0280BC5E100F2287A /* KeyWallet+CoreDataProperties.swift in Sources */,
				0FC75C862803842E002A5945 /* AccountStateViewController.swift in Sources */,
				0FA89BD128069B5D000F5681 /* UIView+Extensions.swift in Sources */,
				0FA89BD328069B73000F5681 /* UIAlertController+Extensions.swift in Sources */,
				0FC75C822803842E002A5945 /* AppDelegate.swift in Sources */,
				0F5A50CF280BC5E100F2287A /* KeyWallet+CoreDataClass.swift in Sources */,
				0F5A50CC280BC55F00F2287A /* KeysService.swift in Sources */,
				0FC75CC02803912A002A5945 /* DepositingBalanceTableViewCell.swift in Sources */,
				0F68DC0B280759A30023E952 /* WithdrawViewController.swift in Sources */,
				0F68DC09280759970023E952 /* DepositViewController.swift in Sources */,
				0FA89BC728065272000F5681 /* NetworkSelectionTableViewController.swift in Sources */,
				0F5A50CA280BC52D00F2287A /* CoreDataService.swift in Sources */,
				0FC75C842803842E002A5945 /* SceneDelegate.swift in Sources */,
			);
			runOnlyForDeploymentPostprocessing = 0;
		};
		0FC75C9328038432002A5945 /* Sources */ = {
			isa = PBXSourcesBuildPhase;
			buildActionMask = 2147483647;
			files = (
				0FC75C9C28038432002A5945 /* zksync_exampleTests.swift in Sources */,
			);
			runOnlyForDeploymentPostprocessing = 0;
		};
		0FC75C9D28038432002A5945 /* Sources */ = {
			isa = PBXSourcesBuildPhase;
			buildActionMask = 2147483647;
			files = (
				0FC75CA628038432002A5945 /* zksync_exampleUITests.swift in Sources */,
				0FC75CA828038432002A5945 /* zksync_exampleUITestsLaunchTests.swift in Sources */,
			);
			runOnlyForDeploymentPostprocessing = 0;
		};
/* End PBXSourcesBuildPhase section */

/* Begin PBXTargetDependency section */
		0FC75C9928038432002A5945 /* PBXTargetDependency */ = {
			isa = PBXTargetDependency;
			target = 0FC75C7D2803842E002A5945 /* zksync-example */;
			targetProxy = 0FC75C9828038432002A5945 /* PBXContainerItemProxy */;
		};
		0FC75CA328038432002A5945 /* PBXTargetDependency */ = {
			isa = PBXTargetDependency;
			target = 0FC75C7D2803842E002A5945 /* zksync-example */;
			targetProxy = 0FC75CA228038432002A5945 /* PBXContainerItemProxy */;
		};
/* End PBXTargetDependency section */

/* Begin PBXVariantGroup section */
		0FC75C872803842E002A5945 /* Main.storyboard */ = {
			isa = PBXVariantGroup;
			children = (
				0FC75C882803842E002A5945 /* Base */,
			);
			name = Main.storyboard;
			sourceTree = "<group>";
		};
		0FC75C8F28038431002A5945 /* LaunchScreen.storyboard */ = {
			isa = PBXVariantGroup;
			children = (
				0FC75C9028038431002A5945 /* Base */,
			);
			name = LaunchScreen.storyboard;
			sourceTree = "<group>";
		};
/* End PBXVariantGroup section */

/* Begin XCBuildConfiguration section */
		0FC75CA928038432002A5945 /* Debug */ = {
			isa = XCBuildConfiguration;
			buildSettings = {
				ALWAYS_SEARCH_USER_PATHS = NO;
				CLANG_ANALYZER_NONNULL = YES;
				CLANG_ANALYZER_NUMBER_OBJECT_CONVERSION = YES_AGGRESSIVE;
				CLANG_CXX_LANGUAGE_STANDARD = "gnu++17";
				CLANG_ENABLE_MODULES = YES;
				CLANG_ENABLE_OBJC_ARC = YES;
				CLANG_ENABLE_OBJC_WEAK = YES;
				CLANG_WARN_BLOCK_CAPTURE_AUTORELEASING = YES;
				CLANG_WARN_BOOL_CONVERSION = YES;
				CLANG_WARN_COMMA = YES;
				CLANG_WARN_CONSTANT_CONVERSION = YES;
				CLANG_WARN_DEPRECATED_OBJC_IMPLEMENTATIONS = YES;
				CLANG_WARN_DIRECT_OBJC_ISA_USAGE = YES_ERROR;
				CLANG_WARN_DOCUMENTATION_COMMENTS = YES;
				CLANG_WARN_EMPTY_BODY = YES;
				CLANG_WARN_ENUM_CONVERSION = YES;
				CLANG_WARN_INFINITE_RECURSION = YES;
				CLANG_WARN_INT_CONVERSION = YES;
				CLANG_WARN_NON_LITERAL_NULL_CONVERSION = YES;
				CLANG_WARN_OBJC_IMPLICIT_RETAIN_SELF = YES;
				CLANG_WARN_OBJC_LITERAL_CONVERSION = YES;
				CLANG_WARN_OBJC_ROOT_CLASS = YES_ERROR;
				CLANG_WARN_QUOTED_INCLUDE_IN_FRAMEWORK_HEADER = YES;
				CLANG_WARN_RANGE_LOOP_ANALYSIS = YES;
				CLANG_WARN_STRICT_PROTOTYPES = YES;
				CLANG_WARN_SUSPICIOUS_MOVE = YES;
				CLANG_WARN_UNGUARDED_AVAILABILITY = YES_AGGRESSIVE;
				CLANG_WARN_UNREACHABLE_CODE = YES;
				CLANG_WARN__DUPLICATE_METHOD_MATCH = YES;
				COPY_PHASE_STRIP = NO;
				DEBUG_INFORMATION_FORMAT = dwarf;
				ENABLE_STRICT_OBJC_MSGSEND = YES;
				ENABLE_TESTABILITY = YES;
				GCC_C_LANGUAGE_STANDARD = gnu11;
				GCC_DYNAMIC_NO_PIC = NO;
				GCC_NO_COMMON_BLOCKS = YES;
				GCC_OPTIMIZATION_LEVEL = 0;
				GCC_PREPROCESSOR_DEFINITIONS = (
					"DEBUG=1",
					"$(inherited)",
				);
				GCC_WARN_64_TO_32_BIT_CONVERSION = YES;
				GCC_WARN_ABOUT_RETURN_TYPE = YES_ERROR;
				GCC_WARN_UNDECLARED_SELECTOR = YES;
				GCC_WARN_UNINITIALIZED_AUTOS = YES_AGGRESSIVE;
				GCC_WARN_UNUSED_FUNCTION = YES;
				GCC_WARN_UNUSED_VARIABLE = YES;
				IPHONEOS_DEPLOYMENT_TARGET = 15.4;
				MTL_ENABLE_DEBUG_INFO = INCLUDE_SOURCE;
				MTL_FAST_MATH = YES;
				ONLY_ACTIVE_ARCH = YES;
				SDKROOT = iphoneos;
				SWIFT_ACTIVE_COMPILATION_CONDITIONS = DEBUG;
				SWIFT_OPTIMIZATION_LEVEL = "-Onone";
			};
			name = Debug;
		};
		0FC75CAA28038432002A5945 /* Release */ = {
			isa = XCBuildConfiguration;
			buildSettings = {
				ALWAYS_SEARCH_USER_PATHS = NO;
				CLANG_ANALYZER_NONNULL = YES;
				CLANG_ANALYZER_NUMBER_OBJECT_CONVERSION = YES_AGGRESSIVE;
				CLANG_CXX_LANGUAGE_STANDARD = "gnu++17";
				CLANG_ENABLE_MODULES = YES;
				CLANG_ENABLE_OBJC_ARC = YES;
				CLANG_ENABLE_OBJC_WEAK = YES;
				CLANG_WARN_BLOCK_CAPTURE_AUTORELEASING = YES;
				CLANG_WARN_BOOL_CONVERSION = YES;
				CLANG_WARN_COMMA = YES;
				CLANG_WARN_CONSTANT_CONVERSION = YES;
				CLANG_WARN_DEPRECATED_OBJC_IMPLEMENTATIONS = YES;
				CLANG_WARN_DIRECT_OBJC_ISA_USAGE = YES_ERROR;
				CLANG_WARN_DOCUMENTATION_COMMENTS = YES;
				CLANG_WARN_EMPTY_BODY = YES;
				CLANG_WARN_ENUM_CONVERSION = YES;
				CLANG_WARN_INFINITE_RECURSION = YES;
				CLANG_WARN_INT_CONVERSION = YES;
				CLANG_WARN_NON_LITERAL_NULL_CONVERSION = YES;
				CLANG_WARN_OBJC_IMPLICIT_RETAIN_SELF = YES;
				CLANG_WARN_OBJC_LITERAL_CONVERSION = YES;
				CLANG_WARN_OBJC_ROOT_CLASS = YES_ERROR;
				CLANG_WARN_QUOTED_INCLUDE_IN_FRAMEWORK_HEADER = YES;
				CLANG_WARN_RANGE_LOOP_ANALYSIS = YES;
				CLANG_WARN_STRICT_PROTOTYPES = YES;
				CLANG_WARN_SUSPICIOUS_MOVE = YES;
				CLANG_WARN_UNGUARDED_AVAILABILITY = YES_AGGRESSIVE;
				CLANG_WARN_UNREACHABLE_CODE = YES;
				CLANG_WARN__DUPLICATE_METHOD_MATCH = YES;
				COPY_PHASE_STRIP = NO;
				DEBUG_INFORMATION_FORMAT = "dwarf-with-dsym";
				ENABLE_NS_ASSERTIONS = NO;
				ENABLE_STRICT_OBJC_MSGSEND = YES;
				GCC_C_LANGUAGE_STANDARD = gnu11;
				GCC_NO_COMMON_BLOCKS = YES;
				GCC_WARN_64_TO_32_BIT_CONVERSION = YES;
				GCC_WARN_ABOUT_RETURN_TYPE = YES_ERROR;
				GCC_WARN_UNDECLARED_SELECTOR = YES;
				GCC_WARN_UNINITIALIZED_AUTOS = YES_AGGRESSIVE;
				GCC_WARN_UNUSED_FUNCTION = YES;
				GCC_WARN_UNUSED_VARIABLE = YES;
				IPHONEOS_DEPLOYMENT_TARGET = 15.4;
				MTL_ENABLE_DEBUG_INFO = NO;
				MTL_FAST_MATH = YES;
				SDKROOT = iphoneos;
				SWIFT_COMPILATION_MODE = wholemodule;
				SWIFT_OPTIMIZATION_LEVEL = "-O";
				VALIDATE_PRODUCT = YES;
			};
			name = Release;
		};
		0FC75CAC28038432002A5945 /* Debug */ = {
			isa = XCBuildConfiguration;
			baseConfigurationReference = 52643F563F0B16272ABCEDD0 /* Pods-zksync-example.debug.xcconfig */;
			buildSettings = {
				ASSETCATALOG_COMPILER_APPICON_NAME = AppIcon;
				ASSETCATALOG_COMPILER_GLOBAL_ACCENT_COLOR_NAME = AccentColor;
				CODE_SIGN_STYLE = Automatic;
				CURRENT_PROJECT_VERSION = 1;
				DEVELOPMENT_TEAM = 2RH2V33K5A;
				GENERATE_INFOPLIST_FILE = YES;
				INFOPLIST_FILE = "zksync-example/Supporting Files/Info.plist";
				INFOPLIST_KEY_UIApplicationSupportsIndirectInputEvents = YES;
				INFOPLIST_KEY_UILaunchStoryboardName = LaunchScreen;
				INFOPLIST_KEY_UIMainStoryboardFile = Main;
				INFOPLIST_KEY_UISupportedInterfaceOrientations_iPad = "UIInterfaceOrientationPortrait UIInterfaceOrientationPortraitUpsideDown UIInterfaceOrientationLandscapeLeft UIInterfaceOrientationLandscapeRight";
				INFOPLIST_KEY_UISupportedInterfaceOrientations_iPhone = "UIInterfaceOrientationPortrait UIInterfaceOrientationLandscapeLeft UIInterfaceOrientationLandscapeRight";
				IPHONEOS_DEPLOYMENT_TARGET = 15.0;
				LD_RUNPATH_SEARCH_PATHS = (
					"$(inherited)",
					"@executable_path/Frameworks",
				);
				MARKETING_VERSION = 1.0;
				PRODUCT_BUNDLE_IDENTIFIER = "com.ovid.zksync.zksync-example";
				PRODUCT_NAME = "$(TARGET_NAME)";
				SWIFT_EMIT_LOC_STRINGS = YES;
				SWIFT_VERSION = 5.0;
				TARGETED_DEVICE_FAMILY = "1,2";
			};
			name = Debug;
		};
		0FC75CAD28038432002A5945 /* Release */ = {
			isa = XCBuildConfiguration;
			baseConfigurationReference = 9F9FBD258ED79C703853BF46 /* Pods-zksync-example.release.xcconfig */;
			buildSettings = {
				ASSETCATALOG_COMPILER_APPICON_NAME = AppIcon;
				ASSETCATALOG_COMPILER_GLOBAL_ACCENT_COLOR_NAME = AccentColor;
				CODE_SIGN_STYLE = Automatic;
				CURRENT_PROJECT_VERSION = 1;
				DEVELOPMENT_TEAM = 2RH2V33K5A;
				GENERATE_INFOPLIST_FILE = YES;
				INFOPLIST_FILE = "zksync-example/Supporting Files/Info.plist";
				INFOPLIST_KEY_UIApplicationSupportsIndirectInputEvents = YES;
				INFOPLIST_KEY_UILaunchStoryboardName = LaunchScreen;
				INFOPLIST_KEY_UIMainStoryboardFile = Main;
				INFOPLIST_KEY_UISupportedInterfaceOrientations_iPad = "UIInterfaceOrientationPortrait UIInterfaceOrientationPortraitUpsideDown UIInterfaceOrientationLandscapeLeft UIInterfaceOrientationLandscapeRight";
				INFOPLIST_KEY_UISupportedInterfaceOrientations_iPhone = "UIInterfaceOrientationPortrait UIInterfaceOrientationLandscapeLeft UIInterfaceOrientationLandscapeRight";
				IPHONEOS_DEPLOYMENT_TARGET = 15.0;
				LD_RUNPATH_SEARCH_PATHS = (
					"$(inherited)",
					"@executable_path/Frameworks",
				);
				MARKETING_VERSION = 1.0;
				PRODUCT_BUNDLE_IDENTIFIER = "com.ovid.zksync.zksync-example";
				PRODUCT_NAME = "$(TARGET_NAME)";
				SWIFT_EMIT_LOC_STRINGS = YES;
				SWIFT_VERSION = 5.0;
				TARGETED_DEVICE_FAMILY = "1,2";
			};
			name = Release;
		};
		0FC75CAF28038432002A5945 /* Debug */ = {
			isa = XCBuildConfiguration;
			buildSettings = {
				ALWAYS_EMBED_SWIFT_STANDARD_LIBRARIES = YES;
				BUNDLE_LOADER = "$(TEST_HOST)";
				CODE_SIGN_STYLE = Automatic;
				CURRENT_PROJECT_VERSION = 1;
				DEVELOPMENT_TEAM = 2RH2V33K5A;
				GENERATE_INFOPLIST_FILE = YES;
				IPHONEOS_DEPLOYMENT_TARGET = 15.4;
				MARKETING_VERSION = 1.0;
				PRODUCT_BUNDLE_IDENTIFIER = "com.ovid.zksync.zksync-exampleTests";
				PRODUCT_NAME = "$(TARGET_NAME)";
				SWIFT_EMIT_LOC_STRINGS = NO;
				SWIFT_VERSION = 5.0;
				TARGETED_DEVICE_FAMILY = "1,2";
				TEST_HOST = "$(BUILT_PRODUCTS_DIR)/zksync-example.app/zksync-example";
			};
			name = Debug;
		};
		0FC75CB028038432002A5945 /* Release */ = {
			isa = XCBuildConfiguration;
			buildSettings = {
				ALWAYS_EMBED_SWIFT_STANDARD_LIBRARIES = YES;
				BUNDLE_LOADER = "$(TEST_HOST)";
				CODE_SIGN_STYLE = Automatic;
				CURRENT_PROJECT_VERSION = 1;
				DEVELOPMENT_TEAM = 2RH2V33K5A;
				GENERATE_INFOPLIST_FILE = YES;
				IPHONEOS_DEPLOYMENT_TARGET = 15.4;
				MARKETING_VERSION = 1.0;
				PRODUCT_BUNDLE_IDENTIFIER = "com.ovid.zksync.zksync-exampleTests";
				PRODUCT_NAME = "$(TARGET_NAME)";
				SWIFT_EMIT_LOC_STRINGS = NO;
				SWIFT_VERSION = 5.0;
				TARGETED_DEVICE_FAMILY = "1,2";
				TEST_HOST = "$(BUILT_PRODUCTS_DIR)/zksync-example.app/zksync-example";
			};
			name = Release;
		};
		0FC75CB228038432002A5945 /* Debug */ = {
			isa = XCBuildConfiguration;
			buildSettings = {
				ALWAYS_EMBED_SWIFT_STANDARD_LIBRARIES = YES;
				CODE_SIGN_STYLE = Automatic;
				CURRENT_PROJECT_VERSION = 1;
				DEVELOPMENT_TEAM = 2RH2V33K5A;
				GENERATE_INFOPLIST_FILE = YES;
				MARKETING_VERSION = 1.0;
				PRODUCT_BUNDLE_IDENTIFIER = "com.ovid.zksync.zksync-exampleUITests";
				PRODUCT_NAME = "$(TARGET_NAME)";
				SWIFT_EMIT_LOC_STRINGS = NO;
				SWIFT_VERSION = 5.0;
				TARGETED_DEVICE_FAMILY = "1,2";
				TEST_TARGET_NAME = "zksync-example";
			};
			name = Debug;
		};
		0FC75CB328038432002A5945 /* Release */ = {
			isa = XCBuildConfiguration;
			buildSettings = {
				ALWAYS_EMBED_SWIFT_STANDARD_LIBRARIES = YES;
				CODE_SIGN_STYLE = Automatic;
				CURRENT_PROJECT_VERSION = 1;
				DEVELOPMENT_TEAM = 2RH2V33K5A;
				GENERATE_INFOPLIST_FILE = YES;
				MARKETING_VERSION = 1.0;
				PRODUCT_BUNDLE_IDENTIFIER = "com.ovid.zksync.zksync-exampleUITests";
				PRODUCT_NAME = "$(TARGET_NAME)";
				SWIFT_EMIT_LOC_STRINGS = NO;
				SWIFT_VERSION = 5.0;
				TARGETED_DEVICE_FAMILY = "1,2";
				TEST_TARGET_NAME = "zksync-example";
			};
			name = Release;
		};
/* End XCBuildConfiguration section */

/* Begin XCConfigurationList section */
		0FC75C792803842E002A5945 /* Build configuration list for PBXProject "zksync-example" */ = {
			isa = XCConfigurationList;
			buildConfigurations = (
				0FC75CA928038432002A5945 /* Debug */,
				0FC75CAA28038432002A5945 /* Release */,
			);
			defaultConfigurationIsVisible = 0;
			defaultConfigurationName = Release;
		};
		0FC75CAB28038432002A5945 /* Build configuration list for PBXNativeTarget "zksync-example" */ = {
			isa = XCConfigurationList;
			buildConfigurations = (
				0FC75CAC28038432002A5945 /* Debug */,
				0FC75CAD28038432002A5945 /* Release */,
			);
			defaultConfigurationIsVisible = 0;
			defaultConfigurationName = Release;
		};
		0FC75CAE28038432002A5945 /* Build configuration list for PBXNativeTarget "zksync-exampleTests" */ = {
			isa = XCConfigurationList;
			buildConfigurations = (
				0FC75CAF28038432002A5945 /* Debug */,
				0FC75CB028038432002A5945 /* Release */,
			);
			defaultConfigurationIsVisible = 0;
			defaultConfigurationName = Release;
		};
		0FC75CB128038432002A5945 /* Build configuration list for PBXNativeTarget "zksync-exampleUITests" */ = {
			isa = XCConfigurationList;
			buildConfigurations = (
				0FC75CB228038432002A5945 /* Debug */,
				0FC75CB328038432002A5945 /* Release */,
			);
			defaultConfigurationIsVisible = 0;
			defaultConfigurationName = Release;
		};
/* End XCConfigurationList section */

/* Begin XCVersionGroup section */
		0FC75C8A2803842E002A5945 /* zksync_example.xcdatamodeld */ = {
			isa = XCVersionGroup;
			children = (
				0FC75C8B2803842E002A5945 /* zksync_example.xcdatamodel */,
			);
			currentVersion = 0FC75C8B2803842E002A5945 /* zksync_example.xcdatamodel */;
			path = zksync_example.xcdatamodeld;
			sourceTree = "<group>";
			versionGroupType = wrapper.xcdatamodel;
		};
/* End XCVersionGroup section */
	};
	rootObject = 0FC75C762803842E002A5945 /* Project object */;
}
